
Microsoft Visual Studio Solution File, Format Version 12.00
# Visual Studio Version 17
VisualStudioVersion = 17.0.32002.185
MinimumVisualStudioVersion = 10.0.40219.1
Project("{FAE04EC0-301F-11D3-BF4B-00C04F79EFBC}") = "AkvelonInternshipTask2", "AkvelonInternshipTask2\AkvelonInternshipTask2.csproj", "{6A741A4A-0FB7-40C9-8C59-2FEB7812815B}"
EndProject
Global
	GlobalSection(SolutionConfigurationPlatforms) = preSolution
		Debug|Any CPU = Debug|Any CPU
		Release|Any CPU = Release|Any CPU
	EndGlobalSection
	GlobalSection(ProjectConfigurationPlatforms) = postSolution
		{6A741A4A-0FB7-40C9-8C59-2FEB7812815B}.Debug|Any CPU.ActiveCfg = Debug|Any CPU
		{6A741A4A-0FB7-40C9-8C59-2FEB7812815B}.Debug|Any CPU.Build.0 = Debug|Any CPU
		{6A741A4A-0FB7-40C9-8C59-2FEB7812815B}.Release|Any CPU.ActiveCfg = Release|Any CPU
		{6A741A4A-0FB7-40C9-8C59-2FEB7812815B}.Release|Any CPU.Build.0 = Release|Any CPU
	EndGlobalSection
	GlobalSection(SolutionProperties) = preSolution
		HideSolutionNode = FALSE
	EndGlobalSection
	GlobalSection(ExtensibilityGlobals) = postSolution
		SolutionGuid = {6A30F006-0058-4655-B25A-00E3D8EF7CDB}
	EndGlobalSection
EndGlobal
